
Microsoft Visual Studio Solution File, Format Version 12.00
# Visual Studio Version 17
VisualStudioVersion = 17.8.34316.72
MinimumVisualStudioVersion = 10.0.40219.1
Project("{FAE04EC0-301F-11D3-BF4B-00C04F79EFBC}") = "Proyecto_Agricola", "Proyecto_Agricola.csproj", "{B9A76A78-3191-443F-A700-54A13A39720C}"
EndProject
Global
	GlobalSection(SolutionConfigurationPlatforms) = preSolution
		Debug|Any CPU = Debug|Any CPU
		Release|Any CPU = Release|Any CPU
	EndGlobalSection
	GlobalSection(ProjectConfigurationPlatforms) = postSolution
		{B9A76A78-3191-443F-A700-54A13A39720C}.Debug|Any CPU.ActiveCfg = Debug|Any CPU
		{B9A76A78-3191-443F-A700-54A13A39720C}.Debug|Any CPU.Build.0 = Debug|Any CPU
		{B9A76A78-3191-443F-A700-54A13A39720C}.Release|Any CPU.ActiveCfg = Release|Any CPU
		{B9A76A78-3191-443F-A700-54A13A39720C}.Release|Any CPU.Build.0 = Release|Any CPU
	EndGlobalSection
	GlobalSection(SolutionProperties) = preSolution
		HideSolutionNode = FALSE
	EndGlobalSection
	GlobalSection(ExtensibilityGlobals) = postSolution
		SolutionGuid = {1ACE945F-13F6-4E24-A4A4-CC2B4BD0345F}
	EndGlobalSection
EndGlobal
